<?xml version="1.0" encoding="utf-8"?>
<Project ToolsVersion="4.0" xmlns="http://schemas.microsoft.com/developer/msbuild/2003">
  <ItemGroup>
    <Filter Include="Source Files">
      <UniqueIdentifier>{4FC737F1-C7A5-4376-A066-2A32D752A2FF}</UniqueIdentifier>
      <Extensions>cpp;c;cc;cxx;def;odl;idl;hpj;bat;asm;asmx</Extensions>
    </Filter>
    <Filter Include="Header Files">
      <UniqueIdentifier>{93995380-89BD-4b04-88EB-625FBE52EBFB}</UniqueIdentifier>
      <Extensions>h;hpp;hxx;hm;inl;inc;xsd</Extensions>
    </Filter>
    <Filter Include="Resource Files">
      <UniqueIdentifier>{67DA6AB6-F800-4c08-8B7A-83BB121AAD01}</UniqueIdentifier>
      <Extensions>rc;ico;cur;bmp;dlg;rc2;rct;bin;rgs;gif;jpg;jpeg;jpe;resx;tiff;tif;png;wav</Extensions>
    </Filter>
    <Filter Include="Common Files">
      <UniqueIdentifier>{9aa2299e-9cd7-4c93-9a60-8ffe9826c400}</UniqueIdentifier>
    </Filter>
    <Filter Include="Common Files\Component Files">
      <UniqueIdentifier>{1b9245fd-a269-4179-b98d-62838de071e6}</UniqueIdentifier>
    </Filter>
    <Filter Include="Common Files\Standard Header Files">
      <UniqueIdentifier>{f578759a-160c-4427-9ab6-8f27d8ec8f56}</UniqueIdentifier>
    </Filter>
    <Filter Include="Common Files\Library Files">
      <UniqueIdentifier>{24798359-d3a0-429b-a608-13540a4ef7a3}</UniqueIdentifier>
    </Filter>
  </ItemGroup>
  <ItemGroup>
    <ClCompile Include="Component.cpp">
      <Filter>Source Files</Filter>
    </ClCompile>
    <ClCompile Include="ComponentManager.cpp">
      <Filter>Source Files</Filter>
    </ClCompile>
    <ClCompile Include="ComponentServiceImpl.cpp">
      <Filter>Source Files</Filter>
    </ClCompile>
    <ClCompile Include="Configure.cpp">
      <Filter>Source Files</Filter>
    </ClCompile>
    <ClCompile Include="Defaults.cpp">
      <Filter>Source Files</Filter>
    </ClCompile>
    <ClCompile Include="FileStream.cpp">
      <Filter>Source Files</Filter>
    </ClCompile>
    <ClCompile Include="MainController.cpp">
      <Filter>Source Files</Filter>
    </ClCompile>
    <ClCompile Include="MainWindow.cpp">
      <Filter>Source Files</Filter>
    </ClCompile>
    <ClCompile Include="RipManager.cpp">
      <Filter>Source Files</Filter>
    </ClCompile>
    <ClCompile Include="ShortcutKey.cpp">
      <Filter>Source Files</Filter>
    </ClCompile>
    <ClCompile Include="Utility.cpp">
      <Filter>Source Files</Filter>
    </ClCompile>
    <ClCompile Include="FileDialog.cpp">
      <Filter>Source Files</Filter>
    </ClCompile>
    <ClCompile Include="Version.cpp">
      <Filter>Source Files</Filter>
    </ClCompile>
    <ClCompile Include="PreferenceWindow.cpp">
      <Filter>Source Files</Filter>
    </ClCompile>
    <ClCompile Include="CoderManager.cpp">
      <Filter>Source Files</Filter>
    </ClCompile>
    <ClCompile Include="ComponentMusicServiceImpl.cpp">
      <Filter>Source Files</Filter>
    </ClCompile>
    <ClCompile Include="ComponentStringServiceImpl.cpp">
      <Filter>Source Files</Filter>
    </ClCompile>
    <ClCompile Include="ComponentFileServiceImpl.cpp">
      <Filter>Source Files</Filter>
    </ClCompile>
    <ClCompile Include="TrackList.cpp">
      <Filter>Source Files</Filter>
    </ClCompile>
    <ClCompile Include="AboutWindow.cpp">
      <Filter>Source Files</Filter>
    </ClCompile>
    <ClCompile Include="Control.cpp">
      <Filter>Source Files</Filter>
    </ClCompile>
    <ClCompile Include="EditListControl.cpp">
      <Filter>Source Files</Filter>
    </ClCompile>
    <ClCompile Include="Dialog.cpp">
      <Filter>Source Files</Filter>
    </ClCompile>
    <ClCompile Include="CharsetFileDialog.cpp">
      <Filter>Source Files</Filter>
    </ClCompile>
    <ClCompile Include="Info.cpp">
      <Filter>Source Files</Filter>
    </ClCompile>
    <ClCompile Include="OptionDialog.cpp">
      <Filter>Source Files</Filter>
    </ClCompile>
    <ClCompile Include="MemoryStream.cpp">
      <Filter>Source Files</Filter>
    </ClCompile>
    <ClCompile Include="TrackListControl.cpp">
      <Filter>Source Files</Filter>
    </ClCompile>
  </ItemGroup>
  <ItemGroup>
    <ClInclude Include="Component.h">
      <Filter>Header Files</Filter>
    </ClInclude>
    <ClInclude Include="ComponentManager.h">
      <Filter>Header Files</Filter>
    </ClInclude>
    <ClInclude Include="ComponentServiceImpl.h">
      <Filter>Header Files</Filter>
    </ClInclude>
    <ClInclude Include="Configure.h">
      <Filter>Header Files</Filter>
    </ClInclude>
    <ClInclude Include="Defaults.h">
      <Filter>Header Files</Filter>
    </ClInclude>
    <ClInclude Include="FileStream.h">
      <Filter>Header Files</Filter>
    </ClInclude>
    <ClInclude Include="MainController.h">
      <Filter>Header Files</Filter>
    </ClInclude>
    <ClInclude Include="MainWindow.h">
      <Filter>Header Files</Filter>
    </ClInclude>
    <ClInclude Include="resource.h">
      <Filter>Header Files</Filter>
    </ClInclude>
    <ClInclude Include="RipManager.h">
      <Filter>Header Files</Filter>
    </ClInclude>
    <ClInclude Include="ShortcutKey.h">
      <Filter>Header Files</Filter>
    </ClInclude>
    <ClInclude Include="Singleton.h">
      <Filter>Header Files</Filter>
    </ClInclude>
    <ClInclude Include="Utility.h">
      <Filter>Header Files</Filter>
    </ClInclude>
    <ClInclude Include="Window.h">
      <Filter>Header Files</Filter>
    </ClInclude>
    <ClInclude Include="..\Common\ERUUID.h">
      <Filter>Common Files</Filter>
    </ClInclude>
    <ClInclude Include="..\Common\IERAllocator.h">
      <Filter>Common Files</Filter>
    </ClInclude>
    <ClInclude Include="..\Common\IERApplication.h">
      <Filter>Common Files</Filter>
    </ClInclude>
    <ClInclude Include="..\Common\IERArchiveComponent.h">
      <Filter>Common Files</Filter>
    </ClInclude>
    <ClInclude Include="..\Common\IERComponentArchive.h">
      <Filter>Common Files</Filter>
    </ClInclude>
    <ClInclude Include="..\Common\IERComponentEntrypoint.h">
      <Filter>Common Files</Filter>
    </ClInclude>
    <ClInclude Include="..\Common\IERComponentInfo.h">
      <Filter>Common Files</Filter>
    </ClInclude>
    <ClInclude Include="..\Common\IERComponentMusic.h">
      <Filter>Common Files</Filter>
    </ClInclude>
    <ClInclude Include="..\Common\IERMusicComponent.h">
      <Filter>Common Files</Filter>
    </ClInclude>
    <ClInclude Include="..\Common\IEROption.h">
      <Filter>Common Files</Filter>
    </ClInclude>
    <ClInclude Include="..\Common\IERString.h">
      <Filter>Common Files</Filter>
    </ClInclude>
    <ClInclude Include="..\Common\Component\Allocator.h">
      <Filter>Common Files\Component Files</Filter>
    </ClInclude>
    <ClInclude Include="..\Common\Component\Archive.h">
      <Filter>Common Files\Component Files</Filter>
    </ClInclude>
    <ClInclude Include="..\Common\Component\ERComponent.h">
      <Filter>Common Files\Component Files</Filter>
    </ClInclude>
    <ClInclude Include="..\Common\Component\Factory.h">
      <Filter>Common Files\Component Files</Filter>
    </ClInclude>
    <ClInclude Include="..\Common\Component\Info.h">
      <Filter>Common Files\Component Files</Filter>
    </ClInclude>
    <ClInclude Include="..\Common\Component\Music.h">
      <Filter>Common Files\Component Files</Filter>
    </ClInclude>
    <ClInclude Include="FileDialog.h">
      <Filter>Header Files</Filter>
    </ClInclude>
    <ClInclude Include="..\Common\Component\Definition.h">
      <Filter>Common Files\Component Files</Filter>
    </ClInclude>
    <ClInclude Include="Version.h">
      <Filter>Header Files</Filter>
    </ClInclude>
    <ClInclude Include="PreferenceWindow.h">
      <Filter>Header Files</Filter>
    </ClInclude>
    <ClInclude Include="..\Common\inttypes.h">
      <Filter>Common Files\Standard Header Files</Filter>
    </ClInclude>
    <ClInclude Include="..\Common\stdint.h">
      <Filter>Common Files\Standard Header Files</Filter>
    </ClInclude>
    <ClInclude Include="CoderManager.h">
      <Filter>Header Files</Filter>
    </ClInclude>
    <ClInclude Include="..\Common\IERStream.h">
      <Filter>Common Files</Filter>
    </ClInclude>
    <ClInclude Include="..\Common\IERFile.h">
      <Filter>Common Files</Filter>
    </ClInclude>
    <ClInclude Include="TrackList.h">
      <Filter>Header Files</Filter>
    </ClInclude>
    <ClInclude Include="..\Common\EREndian.h">
      <Filter>Common Files</Filter>
    </ClInclude>
    <ClInclude Include="..\Common\ERString.h">
      <Filter>Common Files</Filter>
    </ClInclude>
    <ClInclude Include="AboutWindow.h">
      <Filter>Header Files</Filter>
    </ClInclude>
    <ClInclude Include="Control.h">
      <Filter>Header Files</Filter>
    </ClInclude>
    <ClInclude Include="EditListControl.h">
      <Filter>Header Files</Filter>
    </ClInclude>
    <ClInclude Include="Dialog.h">
      <Filter>Header Files</Filter>
    </ClInclude>
    <ClInclude Include="CharsetFileDialog.h">
      <Filter>Header Files</Filter>
    </ClInclude>
    <ClInclude Include="..\Common\ERTypes.h">
      <Filter>Common Files</Filter>
    </ClInclude>
    <ClInclude Include="Info.h">
      <Filter>Header Files</Filter>
    </ClInclude>
    <ClInclude Include="OptionDialog.h">
      <Filter>Header Files</Filter>
    </ClInclude>
    <ClInclude Include="MemoryStream.h">
      <Filter>Header Files</Filter>
    </ClInclude>
    <ClInclude Include="TrackListControl.h">
      <Filter>Header Files</Filter>
    </ClInclude>
    <ClInclude Include="..\Common\ERDelegate.h">
      <Filter>Common Files</Filter>
    </ClInclude>
    <ClInclude Include="..\Common\ERDelegateStub.h">
      <Filter>Common Files</Filter>
    </ClInclude>
    <ClInclude Include="Delegate.h">
      <Filter>Header Files</Filter>
    </ClInclude>
    <ClInclude Include="..\Common\ERException.h">
      <Filter>Common Files</Filter>
    </ClInclude>
    <ClInclude Include="..\Common\Component\ExportBody.h">
      <Filter>Common Files\Component Files</Filter>
    </ClInclude>
  </ItemGroup>
  <ItemGroup>
    <ResourceCompile Include="EACRipper.rc">
      <Filter>Resource Files</Filter>
    </ResourceCompile>
  </ItemGroup>
  <ItemGroup>
    <None Include="main.ico">
      <Filter>Resource Files</Filter>
    </None>
    <None Include="..\Common\Changelog.txt">
      <Filter>Common Files</Filter>
    </None>
    <None Include="..\Common\cstdint">
      <Filter>Common Files\Standard Header Files</Filter>
    </None>
    <None Include="..\Common\cinttypes">
      <Filter>Common Files\Standard Header Files</Filter>
    </None>
  </ItemGroup>
  <ItemGroup>
    <Manifest Include="EACRipper.manifest" />
  </ItemGroup>
</Project>